
Microsoft Visual Studio Solution File, Format Version 11.00
# Visual Studio 2010
Project("{8BC9CEB8-8B4A-11D0-8D11-00A0C91BC942}") = "arithmetic", "arithmetic\arithmetic.vcxproj", "{B15A6857-D713-4A1D-AD82-16F76008EA41}"
EndProject
Global
	GlobalSection(SolutionConfigurationPlatforms) = preSolution
		Debug|Win32 = Debug|Win32
		Release|Win32 = Release|Win32
	EndGlobalSection
	GlobalSection(ProjectConfigurationPlatforms) = postSolution
		{B15A6857-D713-4A1D-AD82-16F76008EA41}.Debug|Win32.ActiveCfg = Debug|Win32
		{B15A6857-D713-4A1D-AD82-16F76008EA41}.Debug|Win32.Build.0 = Debug|Win32
		{B15A6857-D713-4A1D-AD82-16F76008EA41}.Release|Win32.ActiveCfg = Release|Win32
		{B15A6857-D713-4A1D-AD82-16F76008EA41}.Release|Win32.Build.0 = Release|Win32
	EndGlobalSection
	GlobalSection(SolutionProperties) = preSolution
		HideSolutionNode = FALSE
	EndGlobalSection
EndGlobal
